
Microsoft Visual Studio Solution File, Format Version 12.00
# Visual Studio Version 17
VisualStudioVersion = 17.9.34728.123
MinimumVisualStudioVersion = 10.0.40219.1
Project("{2150E333-8FDC-42A3-9474-1A3956D46DE8}") = "Src", "Src", "{3E3C4B4A-F9DD-42DB-B5E8-6AD84FAD0754}"
EndProject
Project("{9A19103F-16F7-4668-BE54-9A1E7A4F7556}") = "DemoMediatR.WebApi", "Src\MediatR.WebApi\DemoMediatR.WebApi.csproj", "{7361CCCF-C514-4446-BAF4-38986B798F28}"
EndProject
Project("{9A19103F-16F7-4668-BE54-9A1E7A4F7556}") = "DemoMediatR.Application", "Src\MediatR.Application\DemoMediatR.Application.csproj", "{F52188C5-B5AC-4A6D-ABF8-FED163D8A60A}"
EndProject
Project("{9A19103F-16F7-4668-BE54-9A1E7A4F7556}") = "DemoMediatR.Repository", "Src\MediatR.Repository\DemoMediatR.Repository.csproj", "{31402703-20DA-4BA0-AE28-E6CEA5D2DFFC}"
EndProject
Project("{2150E333-8FDC-42A3-9474-1A3956D46DE8}") = "Tests", "Tests", "{E593946A-5FA6-4D7E-866A-D325803AD722}"
EndProject
Project("{9A19103F-16F7-4668-BE54-9A1E7A4F7556}") = "DemoMediatR.Test", "Tests\MediatR.Test\DemoMediatR.Test.csproj", "{37B17EFB-9CBE-46D9-A434-6B0229DBC567}"
EndProject
Project("{2150E333-8FDC-42A3-9474-1A3956D46DE8}") = "Itens de Solução", "Itens de Solução", "{4DEE530E-30DE-4B5E-984F-28C3CF725110}"
	ProjectSection(SolutionItems) = preProject
		.editorconfig = .editorconfig
		.gitignore = .gitignore
		global.json = global.json
	EndProjectSection
EndProject
Project("{9A19103F-16F7-4668-BE54-9A1E7A4F7556}") = "DemoMediatR.Domain", "Src\MediatR.Domain\DemoMediatR.Domain.csproj", "{673C4127-566E-4636-9852-898E99CA65BD}"
EndProject
Project("{9A19103F-16F7-4668-BE54-9A1E7A4F7556}") = "DemoMediatR.CrossCutting", "Src\MediatR.CrossCutting\DemoMediatR.CrossCutting.csproj", "{6ABF30D8-F682-4BDA-B52C-6278F4A2C980}"
EndProject
Global
	GlobalSection(SolutionConfigurationPlatforms) = preSolution
		Debug|Any CPU = Debug|Any CPU
		Release|Any CPU = Release|Any CPU
	EndGlobalSection
	GlobalSection(ProjectConfigurationPlatforms) = postSolution
		{7361CCCF-C514-4446-BAF4-38986B798F28}.Debug|Any CPU.ActiveCfg = Debug|Any CPU
		{7361CCCF-C514-4446-BAF4-38986B798F28}.Debug|Any CPU.Build.0 = Debug|Any CPU
		{7361CCCF-C514-4446-BAF4-38986B798F28}.Release|Any CPU.ActiveCfg = Release|Any CPU
		{7361CCCF-C514-4446-BAF4-38986B798F28}.Release|Any CPU.Build.0 = Release|Any CPU
		{F52188C5-B5AC-4A6D-ABF8-FED163D8A60A}.Debug|Any CPU.ActiveCfg = Debug|Any CPU
		{F52188C5-B5AC-4A6D-ABF8-FED163D8A60A}.Debug|Any CPU.Build.0 = Debug|Any CPU
		{F52188C5-B5AC-4A6D-ABF8-FED163D8A60A}.Release|Any CPU.ActiveCfg = Release|Any CPU
		{F52188C5-B5AC-4A6D-ABF8-FED163D8A60A}.Release|Any CPU.Build.0 = Release|Any CPU
		{31402703-20DA-4BA0-AE28-E6CEA5D2DFFC}.Debug|Any CPU.ActiveCfg = Debug|Any CPU
		{31402703-20DA-4BA0-AE28-E6CEA5D2DFFC}.Debug|Any CPU.Build.0 = Debug|Any CPU
		{31402703-20DA-4BA0-AE28-E6CEA5D2DFFC}.Release|Any CPU.ActiveCfg = Release|Any CPU
		{31402703-20DA-4BA0-AE28-E6CEA5D2DFFC}.Release|Any CPU.Build.0 = Release|Any CPU
		{37B17EFB-9CBE-46D9-A434-6B0229DBC567}.Debug|Any CPU.ActiveCfg = Debug|Any CPU
		{37B17EFB-9CBE-46D9-A434-6B0229DBC567}.Debug|Any CPU.Build.0 = Debug|Any CPU
		{37B17EFB-9CBE-46D9-A434-6B0229DBC567}.Release|Any CPU.ActiveCfg = Release|Any CPU
		{37B17EFB-9CBE-46D9-A434-6B0229DBC567}.Release|Any CPU.Build.0 = Release|Any CPU
		{673C4127-566E-4636-9852-898E99CA65BD}.Debug|Any CPU.ActiveCfg = Debug|Any CPU
		{673C4127-566E-4636-9852-898E99CA65BD}.Debug|Any CPU.Build.0 = Debug|Any CPU
		{673C4127-566E-4636-9852-898E99CA65BD}.Release|Any CPU.ActiveCfg = Release|Any CPU
		{673C4127-566E-4636-9852-898E99CA65BD}.Release|Any CPU.Build.0 = Release|Any CPU
		{6ABF30D8-F682-4BDA-B52C-6278F4A2C980}.Debug|Any CPU.ActiveCfg = Debug|Any CPU
		{6ABF30D8-F682-4BDA-B52C-6278F4A2C980}.Debug|Any CPU.Build.0 = Debug|Any CPU
		{6ABF30D8-F682-4BDA-B52C-6278F4A2C980}.Release|Any CPU.ActiveCfg = Release|Any CPU
		{6ABF30D8-F682-4BDA-B52C-6278F4A2C980}.Release|Any CPU.Build.0 = Release|Any CPU
	EndGlobalSection
	GlobalSection(SolutionProperties) = preSolution
		HideSolutionNode = FALSE
	EndGlobalSection
	GlobalSection(NestedProjects) = preSolution
		{7361CCCF-C514-4446-BAF4-38986B798F28} = {3E3C4B4A-F9DD-42DB-B5E8-6AD84FAD0754}
		{F52188C5-B5AC-4A6D-ABF8-FED163D8A60A} = {3E3C4B4A-F9DD-42DB-B5E8-6AD84FAD0754}
		{31402703-20DA-4BA0-AE28-E6CEA5D2DFFC} = {3E3C4B4A-F9DD-42DB-B5E8-6AD84FAD0754}
		{37B17EFB-9CBE-46D9-A434-6B0229DBC567} = {E593946A-5FA6-4D7E-866A-D325803AD722}
		{673C4127-566E-4636-9852-898E99CA65BD} = {3E3C4B4A-F9DD-42DB-B5E8-6AD84FAD0754}
		{6ABF30D8-F682-4BDA-B52C-6278F4A2C980} = {3E3C4B4A-F9DD-42DB-B5E8-6AD84FAD0754}
	EndGlobalSection
	GlobalSection(ExtensibilityGlobals) = postSolution
		SolutionGuid = {A0A133F7-483A-4827-B509-89E6C6A82C6D}
	EndGlobalSection
EndGlobal
